// !$*UTF8*$!
{
	archiveVersion = 1;
	classes = {
	};
	objectVersion = 50;
	objects = {

/* Begin PBXBuildFile section */
		BF37F45920A0581000B60A58 /* AppDelegate.swift in Sources */ = {isa = PBXBuildFile; fileRef = BF37F45820A0581000B60A58 /* AppDelegate.swift */; };
		BF37F45B20A0581000B60A58 /* ViewController.swift in Sources */ = {isa = PBXBuildFile; fileRef = BF37F45A20A0581000B60A58 /* ViewController.swift */; };
		BF37F45E20A0581000B60A58 /* Main.storyboard in Resources */ = {isa = PBXBuildFile; fileRef = BF37F45C20A0581000B60A58 /* Main.storyboard */; };
		BF37F46020A0581100B60A58 /* Assets.xcassets in Resources */ = {isa = PBXBuildFile; fileRef = BF37F45F20A0581100B60A58 /* Assets.xcassets */; };
		BF37F46320A0581100B60A58 /* LaunchScreen.storyboard in Resources */ = {isa = PBXBuildFile; fileRef = BF37F46120A0581100B60A58 /* LaunchScreen.storyboard */; };
		BF37F46E20A069B500B60A58 /* FNS_Candy.mlmodel in Sources */ = {isa = PBXBuildFile; fileRef = BF37F46D20A069B500B60A58 /* FNS_Candy.mlmodel */; };
		BF37F47020A1856D00B60A58 /* UIImage+CVPixelBuffer.swift in Sources */ = {isa = PBXBuildFile; fileRef = BF37F46F20A1856D00B60A58 /* UIImage+CVPixelBuffer.swift */; };
		BF37F47320A197A100B60A58 /* FNS_Feathers.mlmodel in Sources */ = {isa = PBXBuildFile; fileRef = BF37F47120A197A100B60A58 /* FNS_Feathers.mlmodel */; };
		BF37F47420A197A100B60A58 /* FNS_The_Scream.mlmodel in Sources */ = {isa = PBXBuildFile; fileRef = BF37F47220A197A100B60A58 /* FNS_The_Scream.mlmodel */; };
		BFC8345420A3EFD5002A64E5 /* FNS_La_Muse.mlmodel in Sources */ = {isa = PBXBuildFile; fileRef = BFC8345120A3EFD5002A64E5 /* FNS_La_Muse.mlmodel */; };
		BFC8345520A3EFD5002A64E5 /* FNS_Udnie.mlmodel in Sources */ = {isa = PBXBuildFile; fileRef = BFC8345220A3EFD5002A64E5 /* FNS_Udnie.mlmodel */; };
		BFC8345720A3F8EA002A64E5 /* FNS_Mosaic.mlmodel in Sources */ = {isa = PBXBuildFile; fileRef = BFC8345620A3F8EA002A64E5 /* FNS_Mosaic.mlmodel */; };
/* End PBXBuildFile section */

/* Begin PBXFileReference section */
		BF37F45520A0581000B60A58 /* NFStransfer.app */ = {isa = PBXFileReference; explicitFileType = wrapper.application; includeInIndex = 0; path = NFStransfer.app; sourceTree = BUILT_PRODUCTS_DIR; };
		BF37F45820A0581000B60A58 /* AppDelegate.swift */ = {isa = PBXFileReference; lastKnownFileType = sourcecode.swift; path = AppDelegate.swift; sourceTree = "<group>"; };
		BF37F45A20A0581000B60A58 /* ViewController.swift */ = {isa = PBXFileReference; lastKnownFileType = sourcecode.swift; path = ViewController.swift; sourceTree = "<group>"; };
		BF37F45D20A0581000B60A58 /* Base */ = {isa = PBXFileReference; lastKnownFileType = file.storyboard; name = Base; path = Base.lproj/Main.storyboard; sourceTree = "<group>"; };
		BF37F45F20A0581100B60A58 /* Assets.xcassets */ = {isa = PBXFileReference; lastKnownFileType = folder.assetcatalog; path = Assets.xcassets; sourceTree = "<group>"; };
		BF37F46220A0581100B60A58 /* Base */ = {isa = PBXFileReference; lastKnownFileType = file.storyboard; name = Base; path = Base.lproj/LaunchScreen.storyboard; sourceTree = "<group>"; };
		BF37F46420A0581100B60A58 /* Info.plist */ = {isa = PBXFileReference; lastKnownFileType = text.plist.xml; path = Info.plist; sourceTree = "<group>"; };
		BF37F46D20A069B500B60A58 /* FNS_Candy.mlmodel */ = {isa = PBXFileReference; lastKnownFileType = file.mlmodel; path = FNS_Candy.mlmodel; sourceTree = "<group>"; };
		BF37F46F20A1856D00B60A58 /* UIImage+CVPixelBuffer.swift */ = {isa = PBXFileReference; lastKnownFileType = sourcecode.swift; path = "UIImage+CVPixelBuffer.swift"; sourceTree = "<group>"; };
		BF37F47120A197A100B60A58 /* FNS_Feathers.mlmodel */ = {isa = PBXFileReference; lastKnownFileType = file.mlmodel; path = FNS_Feathers.mlmodel; sourceTree = "<group>"; };
		BF37F47220A197A100B60A58 /* FNS_The_Scream.mlmodel */ = {isa = PBXFileReference; lastKnownFileType = file.mlmodel; path = FNS_The_Scream.mlmodel; sourceTree = "<group>"; };
		BFC8345120A3EFD5002A64E5 /* FNS_La_Muse.mlmodel */ = {isa = PBXFileReference; lastKnownFileType = file.mlmodel; path = FNS_La_Muse.mlmodel; sourceTree = "<group>"; };
		BFC8345220A3EFD5002A64E5 /* FNS_Udnie.mlmodel */ = {isa = PBXFileReference; lastKnownFileType = file.mlmodel; path = FNS_Udnie.mlmodel; sourceTree = "<group>"; };
		BFC8345620A3F8EA002A64E5 /* FNS_Mosaic.mlmodel */ = {isa = PBXFileReference; lastKnownFileType = file.mlmodel; path = FNS_Mosaic.mlmodel; sourceTree = "<group>"; };
/* End PBXFileReference section */

/* Begin PBXFrameworksBuildPhase section */
		BF37F45220A0581000B60A58 /* Frameworks */ = {
			isa = PBXFrameworksBuildPhase;
			buildActionMask = 2147483647;
			files = (
			);
			runOnlyForDeploymentPostprocessing = 0;
		};
/* End PBXFrameworksBuildPhase section */

/* Begin PBXGroup section */
		BF37F44C20A0581000B60A58 = {
			isa = PBXGroup;
			children = (
				BF37F45720A0581000B60A58 /* NFStransfer */,
				BF37F45620A0581000B60A58 /* Products */,
			);
			sourceTree = "<group>";
		};
		BF37F45620A0581000B60A58 /* Products */ = {
			isa = PBXGroup;
			children = (
				BF37F45520A0581000B60A58 /* NFStransfer.app */,
			);
			name = Products;
			sourceTree = "<group>";
		};
		BF37F45720A0581000B60A58 /* NFStransfer */ = {
			isa = PBXGroup;
			children = (
				BF37F45820A0581000B60A58 /* AppDelegate.swift */,
				BF37F45A20A0581000B60A58 /* ViewController.swift */,
				BF37F45C20A0581000B60A58 /* Main.storyboard */,
				BF37F45F20A0581100B60A58 /* Assets.xcassets */,
				BF37F46120A0581100B60A58 /* LaunchScreen.storyboard */,
				BF37F46420A0581100B60A58 /* Info.plist */,
				BF37F46F20A1856D00B60A58 /* UIImage+CVPixelBuffer.swift */,
				BF37F46C20A069B500B60A58 /* Resources */,
			);
			path = NFStransfer;
			sourceTree = "<group>";
		};
		BF37F46C20A069B500B60A58 /* Resources */ = {
			isa = PBXGroup;
			children = (
				BFC8345620A3F8EA002A64E5 /* FNS_Mosaic.mlmodel */,
				BFC8345120A3EFD5002A64E5 /* FNS_La_Muse.mlmodel */,
				BFC8345220A3EFD5002A64E5 /* FNS_Udnie.mlmodel */,
				BF37F47120A197A100B60A58 /* FNS_Feathers.mlmodel */,
				BF37F47220A197A100B60A58 /* FNS_The_Scream.mlmodel */,
				BF37F46D20A069B500B60A58 /* FNS_Candy.mlmodel */,
			);
			path = Resources;
			sourceTree = "<group>";
		};
/* End PBXGroup section */

/* Begin PBXNativeTarget section */
		BF37F45420A0581000B60A58 /* NFStransfer */ = {
			isa = PBXNativeTarget;
			buildConfigurationList = BF37F46720A0581100B60A58 /* Build configuration list for PBXNativeTarget "NFStransfer" */;
			buildPhases = (
				BF37F45120A0581000B60A58 /* Sources */,
				BF37F45220A0581000B60A58 /* Frameworks */,
				BF37F45320A0581000B60A58 /* Resources */,
			);
			buildRules = (
			);
			dependencies = (
			);
			name = NFStransfer;
			productName = NFStransfer;
			productReference = BF37F45520A0581000B60A58 /* NFStransfer.app */;
			productType = "com.apple.product-type.application";
		};
/* End PBXNativeTarget section */

/* Begin PBXProject section */
		BF37F44D20A0581000B60A58 /* Project object */ = {
			isa = PBXProject;
			attributes = {
				LastSwiftUpdateCheck = 0930;
				LastUpgradeCheck = 0930;
				ORGANIZATIONNAME = wangzhe;
				TargetAttributes = {
					BF37F45420A0581000B60A58 = {
						CreatedOnToolsVersion = 9.3;
					};
				};
			};
			buildConfigurationList = BF37F45020A0581000B60A58 /* Build configuration list for PBXProject "NFStransfer" */;
			compatibilityVersion = "Xcode 9.3";
			developmentRegion = en;
			hasScannedForEncodings = 0;
			knownRegions = (
				en,
				Base,
			);
			mainGroup = BF37F44C20A0581000B60A58;
			productRefGroup = BF37F45620A0581000B60A58 /* Products */;
			projectDirPath = "";
			projectRoot = "";
			targets = (
				BF37F45420A0581000B60A58 /* NFStransfer */,
			);
		};
/* End PBXProject section */

/* Begin PBXResourcesBuildPhase section */
		BF37F45320A0581000B60A58 /* Resources */ = {
			isa = PBXResourcesBuildPhase;
			buildActionMask = 2147483647;
			files = (
				BF37F46320A0581100B60A58 /* LaunchScreen.storyboard in Resources */,
				BF37F46020A0581100B60A58 /* Assets.xcassets in Resources */,
				BF37F45E20A0581000B60A58 /* Main.storyboard in Resources */,
			);
			runOnlyForDeploymentPostprocessing = 0;
		};
/* End PBXResourcesBuildPhase section */

/* Begin PBXSourcesBuildPhase section */
		BF37F45120A0581000B60A58 /* Sources */ = {
			isa = PBXSourcesBuildPhase;
			buildActionMask = 2147483647;
			files = (
				BF37F46E20A069B500B60A58 /* FNS_Candy.mlmodel in Sources */,
				BF37F47320A197A100B60A58 /* FNS_Feathers.mlmodel in Sources */,
				BF37F45B20A0581000B60A58 /* ViewController.swift in Sources */,
				BFC8345520A3EFD5002A64E5 /* FNS_Udnie.mlmodel in Sources */,
				BFC8345420A3EFD5002A64E5 /* FNS_La_Muse.mlmodel in Sources */,
				BF37F47420A197A100B60A58 /* FNS_The_Scream.mlmodel in Sources */,
				BFC8345720A3F8EA002A64E5 /* FNS_Mosaic.mlmodel in Sources */,
				BF37F45920A0581000B60A58 /* AppDelegate.swift in Sources */,
				BF37F47020A1856D00B60A58 /* UIImage+CVPixelBuffer.swift in Sources */,
			);
			runOnlyForDeploymentPostprocessing = 0;
		};
/* End PBXSourcesBuildPhase section */

/* Begin PBXVariantGroup section */
		BF37F45C20A0581000B60A58 /* Main.storyboard */ = {
			isa = PBXVariantGroup;
			children = (
				BF37F45D20A0581000B60A58 /* Base */,
			);
			name = Main.storyboard;
			sourceTree = "<group>";
		};
		BF37F46120A0581100B60A58 /* LaunchScreen.storyboard */ = {
			isa = PBXVariantGroup;
			children = (
				BF37F46220A0581100B60A58 /* Base */,
			);
			name = LaunchScreen.storyboard;
			sourceTree = "<group>";
		};
/* End PBXVariantGroup section */

/* Begin XCBuildConfiguration section */
		BF37F46520A0581100B60A58 /* Debug */ = {
			isa = XCBuildConfiguration;
			buildSettings = {
				ALWAYS_SEARCH_USER_PATHS = NO;
				CLANG_ANALYZER_NONNULL = YES;
				CLANG_ANALYZER_NUMBER_OBJECT_CONVERSION = YES_AGGRESSIVE;
				CLANG_CXX_LANGUAGE_STANDARD = "gnu++14";
				CLANG_CXX_LIBRARY = "libc++";
				CLANG_ENABLE_MODULES = YES;
				CLANG_ENABLE_OBJC_ARC = YES;
				CLANG_ENABLE_OBJC_WEAK = YES;
				CLANG_WARN_BLOCK_CAPTURE_AUTORELEASING = YES;
				CLANG_WARN_BOOL_CONVERSION = YES;
				CLANG_WARN_COMMA = YES;
				CLANG_WARN_CONSTANT_CONVERSION = YES;
				CLANG_WARN_DEPRECATED_OBJC_IMPLEMENTATIONS = YES;
				CLANG_WARN_DIRECT_OBJC_ISA_USAGE = YES_ERROR;
				CLANG_WARN_DOCUMENTATION_COMMENTS = YES;
				CLANG_WARN_EMPTY_BODY = YES;
				CLANG_WARN_ENUM_CONVERSION = YES;
				CLANG_WARN_INFINITE_RECURSION = YES;
				CLANG_WARN_INT_CONVERSION = YES;
				CLANG_WARN_NON_LITERAL_NULL_CONVERSION = YES;
				CLANG_WARN_OBJC_IMPLICIT_RETAIN_SELF = YES;
				CLANG_WARN_OBJC_LITERAL_CONVERSION = YES;
				CLANG_WARN_OBJC_ROOT_CLASS = YES_ERROR;
				CLANG_WARN_RANGE_LOOP_ANALYSIS = YES;
				CLANG_WARN_STRICT_PROTOTYPES = YES;
				CLANG_WARN_SUSPICIOUS_MOVE = YES;
				CLANG_WARN_UNGUARDED_AVAILABILITY = YES_AGGRESSIVE;
				CLANG_WARN_UNREACHABLE_CODE = YES;
				CLANG_WARN__DUPLICATE_METHOD_MATCH = YES;
				CODE_SIGN_IDENTITY = "iPhone Developer";
				COPY_PHASE_STRIP = NO;
				DEBUG_INFORMATION_FORMAT = dwarf;
				ENABLE_STRICT_OBJC_MSGSEND = YES;
				ENABLE_TESTABILITY = YES;
				GCC_C_LANGUAGE_STANDARD = gnu11;
				GCC_DYNAMIC_NO_PIC = NO;
				GCC_NO_COMMON_BLOCKS = YES;
				GCC_OPTIMIZATION_LEVEL = 0;
				GCC_PREPROCESSOR_DEFINITIONS = (
					"DEBUG=1",
					"$(inherited)",
				);
				GCC_WARN_64_TO_32_BIT_CONVERSION = YES;
				GCC_WARN_ABOUT_RETURN_TYPE = YES_ERROR;
				GCC_WARN_UNDECLARED_SELECTOR = YES;
				GCC_WARN_UNINITIALIZED_AUTOS = YES_AGGRESSIVE;
				GCC_WARN_UNUSED_FUNCTION = YES;
				GCC_WARN_UNUSED_VARIABLE = YES;
				IPHONEOS_DEPLOYMENT_TARGET = 11.3;
				MTL_ENABLE_DEBUG_INFO = YES;
				ONLY_ACTIVE_ARCH = YES;
				SDKROOT = iphoneos;
				SWIFT_ACTIVE_COMPILATION_CONDITIONS = DEBUG;
				SWIFT_OPTIMIZATION_LEVEL = "-Onone";
			};
			name = Debug;
		};
		BF37F46620A0581100B60A58 /* Release */ = {
			isa = XCBuildConfiguration;
			buildSettings = {
				ALWAYS_SEARCH_USER_PATHS = NO;
				CLANG_ANALYZER_NONNULL = YES;
				CLANG_ANALYZER_NUMBER_OBJECT_CONVERSION = YES_AGGRESSIVE;
				CLANG_CXX_LANGUAGE_STANDARD = "gnu++14";
				CLANG_CXX_LIBRARY = "libc++";
				CLANG_ENABLE_MODULES = YES;
				CLANG_ENABLE_OBJC_ARC = YES;
				CLANG_ENABLE_OBJC_WEAK = YES;
				CLANG_WARN_BLOCK_CAPTURE_AUTORELEASING = YES;
				CLANG_WARN_BOOL_CONVERSION = YES;
				CLANG_WARN_COMMA = YES;
				CLANG_WARN_CONSTANT_CONVERSION = YES;
				CLANG_WARN_DEPRECATED_OBJC_IMPLEMENTATIONS = YES;
				CLANG_WARN_DIRECT_OBJC_ISA_USAGE = YES_ERROR;
				CLANG_WARN_DOCUMENTATION_COMMENTS = YES;
				CLANG_WARN_EMPTY_BODY = YES;
				CLANG_WARN_ENUM_CONVERSION = YES;
				CLANG_WARN_INFINITE_RECURSION = YES;
				CLANG_WARN_INT_CONVERSION = YES;
				CLANG_WARN_NON_LITERAL_NULL_CONVERSION = YES;
				CLANG_WARN_OBJC_IMPLICIT_RETAIN_SELF = YES;
				CLANG_WARN_OBJC_LITERAL_CONVERSION = YES;
				CLANG_WARN_OBJC_ROOT_CLASS = YES_ERROR;
				CLANG_WARN_RANGE_LOOP_ANALYSIS = YES;
				CLANG_WARN_STRICT_PROTOTYPES = YES;
				CLANG_WARN_SUSPICIOUS_MOVE = YES;
				CLANG_WARN_UNGUARDED_AVAILABILITY = YES_AGGRESSIVE;
				CLANG_WARN_UNREACHABLE_CODE = YES;
				CLANG_WARN__DUPLICATE_METHOD_MATCH = YES;
				CODE_SIGN_IDENTITY = "iPhone Developer";
				COPY_PHASE_STRIP = NO;
				DEBUG_INFORMATION_FORMAT = "dwarf-with-dsym";
				ENABLE_NS_ASSERTIONS = NO;
				ENABLE_STRICT_OBJC_MSGSEND = YES;
				GCC_C_LANGUAGE_STANDARD = gnu11;
				GCC_NO_COMMON_BLOCKS = YES;
				GCC_WARN_64_TO_32_BIT_CONVERSION = YES;
				GCC_WARN_ABOUT_RETURN_TYPE = YES_ERROR;
				GCC_WARN_UNDECLARED_SELECTOR = YES;
				GCC_WARN_UNINITIALIZED_AUTOS = YES_AGGRESSIVE;
				GCC_WARN_UNUSED_FUNCTION = YES;
				GCC_WARN_UNUSED_VARIABLE = YES;
				IPHONEOS_DEPLOYMENT_TARGET = 11.3;
				MTL_ENABLE_DEBUG_INFO = NO;
				SDKROOT = iphoneos;
				SWIFT_COMPILATION_MODE = wholemodule;
				SWIFT_OPTIMIZATION_LEVEL = "-O";
				VALIDATE_PRODUCT = YES;
			};
			name = Release;
		};
		BF37F46820A0581100B60A58 /* Debug */ = {
			isa = XCBuildConfiguration;
			buildSettings = {
				ASSETCATALOG_COMPILER_APPICON_NAME = AppIcon;
				CODE_SIGN_STYLE = Automatic;
				DEVELOPMENT_TEAM = 2U75WLMTPA;
				INFOPLIST_FILE = NFStransfer/Info.plist;
				IPHONEOS_DEPLOYMENT_TARGET = 11.0;
				LD_RUNPATH_SEARCH_PATHS = (
					"$(inherited)",
					"@executable_path/Frameworks",
				);
				PRODUCT_BUNDLE_IDENTIFIER = com.private.wangzhe.NFStransfer;
				PRODUCT_NAME = "$(TARGET_NAME)";
				SWIFT_VERSION = 4.0;
				TARGETED_DEVICE_FAMILY = 1;
			};
			name = Debug;
		};
		BF37F46920A0581100B60A58 /* Release */ = {
			isa = XCBuildConfiguration;
			buildSettings = {
				ASSETCATALOG_COMPILER_APPICON_NAME = AppIcon;
				CODE_SIGN_STYLE = Automatic;
				DEVELOPMENT_TEAM = 2U75WLMTPA;
				INFOPLIST_FILE = NFStransfer/Info.plist;
				IPHONEOS_DEPLOYMENT_TARGET = 11.0;
				LD_RUNPATH_SEARCH_PATHS = (
					"$(inherited)",
					"@executable_path/Frameworks",
				);
				PRODUCT_BUNDLE_IDENTIFIER = com.private.wangzhe.NFStransfer;
				PRODUCT_NAME = "$(TARGET_NAME)";
				SWIFT_VERSION = 4.0;
				TARGETED_DEVICE_FAMILY = 1;
			};
			name = Release;
		};
/* End XCBuildConfiguration section */

/* Begin XCConfigurationList section */
		BF37F45020A0581000B60A58 /* Build configuration list for PBXProject "NFStransfer" */ = {
			isa = XCConfigurationList;
			buildConfigurations = (
				BF37F46520A0581100B60A58 /* Debug */,
				BF37F46620A0581100B60A58 /* Release */,
			);
			defaultConfigurationIsVisible = 0;
			defaultConfigurationName = Release;
		};
		BF37F46720A0581100B60A58 /* Build configuration list for PBXNativeTarget "NFStransfer" */ = {
			isa = XCConfigurationList;
			buildConfigurations = (
				BF37F46820A0581100B60A58 /* Debug */,
				BF37F46920A0581100B60A58 /* Release */,
			);
			defaultConfigurationIsVisible = 0;
			defaultConfigurationName = Release;
		};
/* End XCConfigurationList section */
	};
	rootObject = BF37F44D20A0581000B60A58 /* Project object */;
}
